// !$*UTF8*$!
{
	archiveVersion = 1;
	classes = {
	};
	objectVersion = 45;
	objects = {

/* Begin PBXBuildFile section */
		1A94FF0814F51CE7006EE953 /* Settings.bundle in Resources */ = {isa = PBXBuildFile; fileRef = 1A94FF0714F51CE7006EE953 /* Settings.bundle */; };
		1A95C50F14DE735800B0B0EC /* NewsClueView.xib in Resources */ = {isa = PBXBuildFile; fileRef = 1A95C50E14DE735800B0B0EC /* NewsClueView.xib */; };
		1A95F71314DE5AF000603053 /* box1@2x.png in Resources */ = {isa = PBXBuildFile; fileRef = 1A95F71114DE5AF000603053 /* box1@2x.png */; };
		1A95F71414DE5AF000603053 /* box2@2x.png in Resources */ = {isa = PBXBuildFile; fileRef = 1A95F71214DE5AF000603053 /* box2@2x.png */; };
		1A95F71614DE5CF700603053 /* MainPanelView.xib in Resources */ = {isa = PBXBuildFile; fileRef = 1A95F71514DE5CF700603053 /* MainPanelView.xib */; };
		1A97CFA514F7E3CC003B3A3A /* DispatchedPersonsViewController.m in Sources */ = {isa = PBXBuildFile; fileRef = 1A97CFA414F7E3CC003B3A3A /* DispatchedPersonsViewController.m */; };
		1A98CB2314EE28C700CE9BC1 /* panel_background.png in Resources */ = {isa = PBXBuildFile; fileRef = 1A98CB2114EE28C700CE9BC1 /* panel_background.png */; };
		1A98CB2414EE28C700CE9BC1 /* panel_background1.png in Resources */ = {isa = PBXBuildFile; fileRef = 1A98CB2214EE28C700CE9BC1 /* panel_background1.png */; };
		1A98CB2614EE28DF00CE9BC1 /* simplenote-icon.png in Resources */ = {isa = PBXBuildFile; fileRef = 1A98CB2514EE28DF00CE9BC1 /* simplenote-icon.png */; };
		1A9DE97D14E1689F006E21E8 /* mainbackground.png in Resources */ = {isa = PBXBuildFile; fileRef = 1A9DE97C14E1689F006E21E8 /* mainbackground.png */; };
		1A9DE9CB14E1773C006E21E8 /* MD5EncryptProcess.m in Sources */ = {isa = PBXBuildFile; fileRef = 1A9DE9CA14E1773C006E21E8 /* MD5EncryptProcess.m */; };
		1A9DE9D314E17AD1006E21E8 /* CFNetwork.framework in Frameworks */ = {isa = PBXBuildFile; fileRef = 1A9DE9D214E17AD1006E21E8 /* CFNetwork.framework */; };
		1A9DE9D514E17AD1006E21E8 /* SystemConfiguration.framework in Frameworks */ = {isa = PBXBuildFile; fileRef = 1A9DE9D414E17AD1006E21E8 /* SystemConfiguration.framework */; };
		1A9E19B714F778C600E4D851 /* ResultInfo.m in Sources */ = {isa = PBXBuildFile; fileRef = 1A9E19B614F778C600E4D851 /* ResultInfo.m */; };
		1AA03B8C14EEA2F50032682F /* go.png in Resources */ = {isa = PBXBuildFile; fileRef = 1AA03B8814EEA2F50032682F /* go.png */; };
		1AA3584214F7CA5100956DDE /* TreeViewController.m in Sources */ = {isa = PBXBuildFile; fileRef = 1AA3583E14F7CA5100956DDE /* TreeViewController.m */; };
		1AA3584314F7CA5100956DDE /* TreeViewCell.m in Sources */ = {isa = PBXBuildFile; fileRef = 1AA3583F14F7CA5100956DDE /* TreeViewCell.m */; };
		1AA3584614F7CA8B00956DDE /* TreeNode.m in Sources */ = {isa = PBXBuildFile; fileRef = 1AA3584414F7CA8B00956DDE /* TreeNode.m */; };
		1AA5F79F14EF46330000E28A /* UIAlertTableView.m in Sources */ = {isa = PBXBuildFile; fileRef = 1AA5F79D14EF46330000E28A /* UIAlertTableView.m */; };
		1AAB7FF414E40AD800F61582 /* form_textview.png in Resources */ = {isa = PBXBuildFile; fileRef = 1AAB7FF314E40AD800F61582 /* form_textview.png */; };
		1AAB804614E415B400F61582 /* NewsAllocListViewController.m in Sources */ = {isa = PBXBuildFile; fileRef = 1AAB804414E415B400F61582 /* NewsAllocListViewController.m */; };
		1AAB804714E415B400F61582 /* NewsAllocListViewController.xib in Resources */ = {isa = PBXBuildFile; fileRef = 1AAB804514E415B400F61582 /* NewsAllocListViewController.xib */; };
		1AAB804B14E415FE00F61582 /* DocWriteListViewController.m in Sources */ = {isa = PBXBuildFile; fileRef = 1AAB804914E415FE00F61582 /* DocWriteListViewController.m */; };
		1AAB804C14E415FE00F61582 /* DocWriteListViewController.xib in Resources */ = {isa = PBXBuildFile; fileRef = 1AAB804A14E415FE00F61582 /* DocWriteListViewController.xib */; };
		1AAB805014E4162600F61582 /* DocChangeListViewController.m in Sources */ = {isa = PBXBuildFile; fileRef = 1AAB804E14E4162600F61582 /* DocChangeListViewController.m */; };
		1AAB805114E4162600F61582 /* DocChangeListViewController.xib in Resources */ = {isa = PBXBuildFile; fileRef = 1AAB804F14E4162600F61582 /* DocChangeListViewController.xib */; };
		1AAB805514E4166C00F61582 /* RecycleListViewController.m in Sources */ = {isa = PBXBuildFile; fileRef = 1AAB805314E4166C00F61582 /* RecycleListViewController.m */; };
		1AAB805614E4166C00F61582 /* RecycleListViewController.xib in Resources */ = {isa = PBXBuildFile; fileRef = 1AAB805414E4166C00F61582 /* RecycleListViewController.xib */; };
		1AAB806814E4175E00F61582 /* NewsAllocSearchViewController.m in Sources */ = {isa = PBXBuildFile; fileRef = 1AAB806614E4175E00F61582 /* NewsAllocSearchViewController.m */; };
		1AAB806914E4175E00F61582 /* NewsAllocSearchViewController.xib in Resources */ = {isa = PBXBuildFile; fileRef = 1AAB806714E4175E00F61582 /* NewsAllocSearchViewController.xib */; };
		1AAB806D14E4180800F61582 /* NewsClueDetailViewController.m in Sources */ = {isa = PBXBuildFile; fileRef = 1AAB806B14E4180800F61582 /* NewsClueDetailViewController.m */; };
		1AAB806E14E4180800F61582 /* NewsClueDetailViewController.xib in Resources */ = {isa = PBXBuildFile; fileRef = 1AAB806C14E4180800F61582 /* NewsClueDetailViewController.xib */; };
		1AAB807214E4183B00F61582 /* NewsAllocDetailViewController.m in Sources */ = {isa = PBXBuildFile; fileRef = 1AAB807014E4183B00F61582 /* NewsAllocDetailViewController.m */; };
		1AAB807314E4183B00F61582 /* NewsAllocDetailViewController.xib in Resources */ = {isa = PBXBuildFile; fileRef = 1AAB807114E4183B00F61582 /* NewsAllocDetailViewController.xib */; };
		1AAB807714E418B600F61582 /* DocWriteDetailViewController.m in Sources */ = {isa = PBXBuildFile; fileRef = 1AAB807514E418B600F61582 /* DocWriteDetailViewController.m */; };
		1AAB807814E418B600F61582 /* DocWriteDetailViewController.xib in Resources */ = {isa = PBXBuildFile; fileRef = 1AAB807614E418B600F61582 /* DocWriteDetailViewController.xib */; };
		1AAB807C14E4192200F61582 /* DocChangeDetailViewController.m in Sources */ = {isa = PBXBuildFile; fileRef = 1AAB807A14E4192200F61582 /* DocChangeDetailViewController.m */; };
		1AAB807D14E4192200F61582 /* DocChangeDetailViewController.xib in Resources */ = {isa = PBXBuildFile; fileRef = 1AAB807B14E4192200F61582 /* DocChangeDetailViewController.xib */; };
		1AC0537814E3A37B0026B115 /* NewsCLueListViewController.m in Sources */ = {isa = PBXBuildFile; fileRef = 1AC0537614E3A37B0026B115 /* NewsCLueListViewController.m */; };
		1AC0537914E3A37B0026B115 /* NewsCLueListViewController.xib in Resources */ = {isa = PBXBuildFile; fileRef = 1AC0537714E3A37B0026B115 /* NewsCLueListViewController.xib */; };
		1AC0556714E3BDBE0026B115 /* NewsClueSearchViewController.m in Sources */ = {isa = PBXBuildFile; fileRef = 1AC0556614E3BDBE0026B115 /* NewsClueSearchViewController.m */; };
		1AC5EC6014E2BE3700440EA7 /* MainPanelViewController.m in Sources */ = {isa = PBXBuildFile; fileRef = 1AC5EC5E14E2BE3700440EA7 /* MainPanelViewController.m */; };
		1AC5ECCD14E2C74400440EA7 /* OpenGLES.framework in Frameworks */ = {isa = PBXBuildFile; fileRef = 1AC5ECCC14E2C74400440EA7 /* OpenGLES.framework */; };
		1AC5ECD314E2C76100440EA7 /* QuartzCore.framework in Frameworks */ = {isa = PBXBuildFile; fileRef = 1AC5ECD214E2C76100440EA7 /* QuartzCore.framework */; };
		1AC5ED0414E2C99000440EA7 /* xwpd.png in Resources */ = {isa = PBXBuildFile; fileRef = 1AC5ECFF14E2C99000440EA7 /* xwpd.png */; };
		1AC5ED0514E2C99000440EA7 /* rxxw.png in Resources */ = {isa = PBXBuildFile; fileRef = 1AC5ED0014E2C99000440EA7 /* rxxw.png */; };
		1AC5ED0614E2C99000440EA7 /* hsz.png in Resources */ = {isa = PBXBuildFile; fileRef = 1AC5ED0114E2C99000440EA7 /* hsz.png */; };
		1AC5ED0714E2C99000440EA7 /* gjzx.png in Resources */ = {isa = PBXBuildFile; fileRef = 1AC5ED0214E2C99000440EA7 /* gjzx.png */; };
		1AC5ED0814E2C99000440EA7 /* gjbj.png in Resources */ = {isa = PBXBuildFile; fileRef = 1AC5ED0314E2C99000440EA7 /* gjbj.png */; };
		1AC71F8214EBE7F100DD873F /* blue.png in Resources */ = {isa = PBXBuildFile; fileRef = 1AC71F7614EBE7F100DD873F /* blue.png */; };
		1AC71F8314EBE7F100DD873F /* clue_background.png in Resources */ = {isa = PBXBuildFile; fileRef = 1AC71F7714EBE7F100DD873F /* clue_background.png */; };
		1AC71F8414EBE7F100DD873F /* contents_background.png in Resources */ = {isa = PBXBuildFile; fileRef = 1AC71F7814EBE7F100DD873F /* contents_background.png */; };
		1AC71F8514EBE7F100DD873F /* field_background_1.png in Resources */ = {isa = PBXBuildFile; fileRef = 1AC71F7914EBE7F100DD873F /* field_background_1.png */; };
		1AC71F8614EBE7F100DD873F /* field_background.png in Resources */ = {isa = PBXBuildFile; fileRef = 1AC71F7A14EBE7F100DD873F /* field_background.png */; };
		1AC71F8714EBE7F100DD873F /* list_item_background_click.png in Resources */ = {isa = PBXBuildFile; fileRef = 1AC71F7B14EBE7F100DD873F /* list_item_background_click.png */; };
		1AC71F8814EBE7F100DD873F /* list_item_background.png in Resources */ = {isa = PBXBuildFile; fileRef = 1AC71F7C14EBE7F100DD873F /* list_item_background.png */; };
		1AC71F8914EBE7F100DD873F /* pass.png in Resources */ = {isa = PBXBuildFile; fileRef = 1AC71F7D14EBE7F100DD873F /* pass.png */; };
		1AC71F8A14EBE7F100DD873F /* red.png in Resources */ = {isa = PBXBuildFile; fileRef = 1AC71F7E14EBE7F100DD873F /* red.png */; };
		1AC71F8B14EBE7F100DD873F /* unpass.png in Resources */ = {isa = PBXBuildFile; fileRef = 1AC71F7F14EBE7F100DD873F /* unpass.png */; };
		1AC71F8C14EBE7F100DD873F /* wait.png in Resources */ = {isa = PBXBuildFile; fileRef = 1AC71F8014EBE7F100DD873F /* wait.png */; };
		1AC71F8D14EBE7F100DD873F /* yellow.png in Resources */ = {isa = PBXBuildFile; fileRef = 1AC71F8114EBE7F100DD873F /* yellow.png */; };
		1AC71F9014EBEABF00DD873F /* UITableViewCellEx.m in Sources */ = {isa = PBXBuildFile; fileRef = 1AC71F8F14EBEABF00DD873F /* UITableViewCellEx.m */; };
		1ACEE02614EE8711007F63A1 /* DatePicker.m in Sources */ = {isa = PBXBuildFile; fileRef = 1ACEE02514EE8711007F63A1 /* DatePicker.m */; };
		1AD7FEC714EDADB000DAA354 /* star.png in Resources */ = {isa = PBXBuildFile; fileRef = 1AD7FEC414EDADB000DAA354 /* star.png */; };
		1AD7FEC814EDADB000DAA354 /* star1.png in Resources */ = {isa = PBXBuildFile; fileRef = 1AD7FEC514EDADB000DAA354 /* star1.png */; };
		1AD7FEC914EDADB000DAA354 /* star2.png in Resources */ = {isa = PBXBuildFile; fileRef = 1AD7FEC614EDADB000DAA354 /* star2.png */; };
		1AD7FECC14EDAEEE00DAA354 /* NetRequest.m in Sources */ = {isa = PBXBuildFile; fileRef = 1AD7FECB14EDAEEE00DAA354 /* NetRequest.m */; };
		1AD7FECE14EDB61100DAA354 /* contents_background2.png in Resources */ = {isa = PBXBuildFile; fileRef = 1AD7FECD14EDB61000DAA354 /* contents_background2.png */; };
		1AF62CD814EFC3960022A2D9 /* add2.png in Resources */ = {isa = PBXBuildFile; fileRef = 1AF62CD514EFC3960022A2D9 /* add2.png */; };
		1AF62CD914EFC3960022A2D9 /* contents_background3.png in Resources */ = {isa = PBXBuildFile; fileRef = 1AF62CD614EFC3960022A2D9 /* contents_background3.png */; };
		1AF62CDA14EFC3960022A2D9 /* panel_background320.png in Resources */ = {isa = PBXBuildFile; fileRef = 1AF62CD714EFC3960022A2D9 /* panel_background320.png */; };
		1D3623260D0F684500981E51 /* NewsGatheringAppDelegate.m in Sources */ = {isa = PBXBuildFile; fileRef = 1D3623250D0F684500981E51 /* NewsGatheringAppDelegate.m */; };
		1D60589B0D05DD56006BFB54 /* main.m in Sources */ = {isa = PBXBuildFile; fileRef = 29B97316FDCFA39411CA2CEA /* main.m */; };
		1D60589F0D05DD5A006BFB54 /* Foundation.framework in Frameworks */ = {isa = PBXBuildFile; fileRef = 1D30AB110D05D00D00671497 /* Foundation.framework */; };
		1DF5F4E00D08C38300B7A737 /* UIKit.framework in Frameworks */ = {isa = PBXBuildFile; fileRef = 1DF5F4DF0D08C38300B7A737 /* UIKit.framework */; };
		288765A50DF7441C002DB57D /* CoreGraphics.framework in Frameworks */ = {isa = PBXBuildFile; fileRef = 288765A40DF7441C002DB57D /* CoreGraphics.framework */; };
		2899E5220DE3E06400AC0155 /* NewsGatheringViewController.xib in Resources */ = {isa = PBXBuildFile; fileRef = 2899E5210DE3E06400AC0155 /* NewsGatheringViewController.xib */; };
		28AD733F0D9D9553002E5188 /* MainWindow.xib in Resources */ = {isa = PBXBuildFile; fileRef = 28AD733E0D9D9553002E5188 /* MainWindow.xib */; };
		28D7ACF80DDB3853001CB0EB /* NewsGatheringViewController.m in Sources */ = {isa = PBXBuildFile; fileRef = 28D7ACF70DDB3853001CB0EB /* NewsGatheringViewController.m */; };
		B2AF5E9414EE5CB1006A9B8E /* UserHelper.m in Sources */ = {isa = PBXBuildFile; fileRef = B2AF5E9314EE5CB1006A9B8E /* UserHelper.m */; };
		B2E6C9F514F78F2B007B24F5 /* ContributeInfo.m in Sources */ = {isa = PBXBuildFile; fileRef = B2E6C9F414F78F2B007B24F5 /* ContributeInfo.m */; };
		B2E6C9F914F793E3007B24F5 /* DocRequest.m in Sources */ = {isa = PBXBuildFile; fileRef = B2E6C9F814F793E3007B24F5 /* DocRequest.m */; };
		B2E6C9FC14F79406007B24F5 /* DocParserHelper.m in Sources */ = {isa = PBXBuildFile; fileRef = B2E6C9FB14F79405007B24F5 /* DocParserHelper.m */; };
		B90ABD7414E65CA400641FE1 /* button_photo.png in Resources */ = {isa = PBXBuildFile; fileRef = B90ABD7114E65CA400641FE1 /* button_photo.png */; };
		B90ABD7514E65CA400641FE1 /* button_sound.png in Resources */ = {isa = PBXBuildFile; fileRef = B90ABD7214E65CA400641FE1 /* button_sound.png */; };
		B90ABD7614E65CA400641FE1 /* button_video.png in Resources */ = {isa = PBXBuildFile; fileRef = B90ABD7314E65CA400641FE1 /* button_video.png */; };
		B90ABD7914E6745500641FE1 /* form_textview.png in Resources */ = {isa = PBXBuildFile; fileRef = B90ABD7814E6745500641FE1 /* form_textview.png */; };
		B90ABD8414E6A0CC00641FE1 /* MobileCoreServices.framework in Frameworks */ = {isa = PBXBuildFile; fileRef = B90ABD8314E6A0CC00641FE1 /* MobileCoreServices.framework */; };
		B90ABD8714E6B6C300641FE1 /* AudioRecorder.m in Sources */ = {isa = PBXBuildFile; fileRef = B90ABD8614E6B6C300641FE1 /* AudioRecorder.m */; };
		B90ABD8914E6B98A00641FE1 /* microphone 1.png in Resources */ = {isa = PBXBuildFile; fileRef = B90ABD8814E6B98A00641FE1 /* microphone 1.png */; };
		B97D155214ED455E005E0A41 /* VideoPlayViewController.m in Sources */ = {isa = PBXBuildFile; fileRef = B97D155114ED455E005E0A41 /* VideoPlayViewController.m */; };
		B97D155514ED48B7005E0A41 /* MediaPlayer.framework in Frameworks */ = {isa = PBXBuildFile; fileRef = B97D155414ED48B7005E0A41 /* MediaPlayer.framework */; };
		B98B194C14F3DE9A00D33C2A /* NewsClueInfo.m in Sources */ = {isa = PBXBuildFile; fileRef = B98B194B14F3DE9A00D33C2A /* NewsClueInfo.m */; };
		B98B195014F3E01900D33C2A /* NewsClueRequest.m in Sources */ = {isa = PBXBuildFile; fileRef = B98B194F14F3E01900D33C2A /* NewsClueRequest.m */; };
		B98B195314F3E05E00D33C2A /* NewsClueParserHelper.m in Sources */ = {isa = PBXBuildFile; fileRef = B98B195214F3E05E00D33C2A /* NewsClueParserHelper.m */; };
		B98C31CC14ED345F0064FC89 /* ImagePlayViewController.m in Sources */ = {isa = PBXBuildFile; fileRef = B98C31CB14ED345F0064FC89 /* ImagePlayViewController.m */; };
		B98C41D814EF62C20064E622 /* AudioPlayer.m in Sources */ = {isa = PBXBuildFile; fileRef = B98C41D714EF62C20064E622 /* AudioPlayer.m */; };
		B98C743114F222D1001E9398 /* DocDetail.m in Sources */ = {isa = PBXBuildFile; fileRef = B98C743014F222D1001E9398 /* DocDetail.m */; };
		B98C743514F23228001E9398 /* DocDetailHelper.m in Sources */ = {isa = PBXBuildFile; fileRef = B98C743414F23228001E9398 /* DocDetailHelper.m */; };
		B98D841814F27F92007AE435 /* LoginResultInfo.m in Sources */ = {isa = PBXBuildFile; fileRef = B98D841714F27F92007AE435 /* LoginResultInfo.m */; };
		B98D841B14F280AE007AE435 /* LoginParserHelper.m in Sources */ = {isa = PBXBuildFile; fileRef = B98D841A14F280AE007AE435 /* LoginParserHelper.m */; };
		B98D842114F28FC8007AE435 /* DeptInfo.m in Sources */ = {isa = PBXBuildFile; fileRef = B98D842014F28FC8007AE435 /* DeptInfo.m */; };
		B98D842414F29129007AE435 /* DeptParserHelper.m in Sources */ = {isa = PBXBuildFile; fileRef = B98D842314F29129007AE435 /* DeptParserHelper.m */; };
		B98E7FB414F524E00087F044 /* LoginSuccessInfo.m in Sources */ = {isa = PBXBuildFile; fileRef = B98E7FB314F524E00087F044 /* LoginSuccessInfo.m */; };
		B994796714EBF20000E3A68F /* AVFoundation.framework in Frameworks */ = {isa = PBXBuildFile; fileRef = B994796614EBF20000E3A68F /* AVFoundation.framework */; };
		B9D4EC8114F6797000C269D2 /* UserInfo.m in Sources */ = {isa = PBXBuildFile; fileRef = B9D4EC8014F6797000C269D2 /* UserInfo.m */; };
		B9D4EC8514F67C1D00C269D2 /* ClueDistInfo.m in Sources */ = {isa = PBXBuildFile; fileRef = B9D4EC8414F67C1D00C269D2 /* ClueDistInfo.m */; };
		B9D4EC9014F6873000C269D2 /* ClueDistRequest.m in Sources */ = {isa = PBXBuildFile; fileRef = B9D4EC8F14F6872F00C269D2 /* ClueDistRequest.m */; };
		B9D4EC9314F6874400C269D2 /* ClueDistParserHelper.m in Sources */ = {isa = PBXBuildFile; fileRef = B9D4EC9214F6874400C269D2 /* ClueDistParserHelper.m */; };
		B9E84CAB14EA92D6005CA5FE /* StorageHelper.m in Sources */ = {isa = PBXBuildFile; fileRef = B9E84CAA14EA92D6005CA5FE /* StorageHelper.m */; };
/* End PBXBuildFile section */

/* Begin PBXFileReference section */
		1A94FF0714F51CE7006EE953 /* Settings.bundle */ = {isa = PBXFileReference; lastKnownFileType = "wrapper.plug-in"; path = Settings.bundle; sourceTree = "<group>"; };
		1A95C50E14DE735800B0B0EC /* NewsClueView.xib */ = {isa = PBXFileReference; lastKnownFileType = file.xib; path = NewsClueView.xib; sourceTree = "<group>"; };
		1A95F71114DE5AF000603053 /* box1@2x.png */ = {isa = PBXFileReference; lastKnownFileType = image.png; path = "box1@2x.png"; sourceTree = "<group>"; };
		1A95F71214DE5AF000603053 /* box2@2x.png */ = {isa = PBXFileReference; lastKnownFileType = image.png; path = "box2@2x.png"; sourceTree = "<group>"; };
		1A95F71514DE5CF700603053 /* MainPanelView.xib */ = {isa = PBXFileReference; lastKnownFileType = file.xib; path = MainPanelView.xib; sourceTree = "<group>"; };
		1A97CFA314F7E3CC003B3A3A /* DispatchedPersonsViewController.h */ = {isa = PBXFileReference; fileEncoding = 4; lastKnownFileType = sourcecode.c.h; path = DispatchedPersonsViewController.h; sourceTree = "<group>"; };
		1A97CFA414F7E3CC003B3A3A /* DispatchedPersonsViewController.m */ = {isa = PBXFileReference; fileEncoding = 4; lastKnownFileType = sourcecode.c.objc; path = DispatchedPersonsViewController.m; sourceTree = "<group>"; };
		1A98CB2114EE28C700CE9BC1 /* panel_background.png */ = {isa = PBXFileReference; lastKnownFileType = image.png; path = panel_background.png; sourceTree = "<group>"; };
		1A98CB2214EE28C700CE9BC1 /* panel_background1.png */ = {isa = PBXFileReference; lastKnownFileType = image.png; path = panel_background1.png; sourceTree = "<group>"; };
		1A98CB2514EE28DF00CE9BC1 /* simplenote-icon.png */ = {isa = PBXFileReference; lastKnownFileType = image.png; path = "simplenote-icon.png"; sourceTree = "<group>"; };
		1A9DE97C14E1689F006E21E8 /* mainbackground.png */ = {isa = PBXFileReference; lastKnownFileType = image.png; path = mainbackground.png; sourceTree = "<group>"; };
		1A9DE9C914E1773C006E21E8 /* MD5EncryptProcess.h */ = {isa = PBXFileReference; fileEncoding = 4; lastKnownFileType = sourcecode.c.h; path = MD5EncryptProcess.h; sourceTree = "<group>"; };
		1A9DE9CA14E1773C006E21E8 /* MD5EncryptProcess.m */ = {isa = PBXFileReference; fileEncoding = 4; lastKnownFileType = sourcecode.c.objc; path = MD5EncryptProcess.m; sourceTree = "<group>"; };
		1A9DE9D214E17AD1006E21E8 /* CFNetwork.framework */ = {isa = PBXFileReference; lastKnownFileType = wrapper.framework; name = CFNetwork.framework; path = System/Library/Frameworks/CFNetwork.framework; sourceTree = SDKROOT; };
		1A9DE9D414E17AD1006E21E8 /* SystemConfiguration.framework */ = {isa = PBXFileReference; lastKnownFileType = wrapper.framework; name = SystemConfiguration.framework; path = System/Library/Frameworks/SystemConfiguration.framework; sourceTree = SDKROOT; };
		1A9E19B514F778C500E4D851 /* ResultInfo.h */ = {isa = PBXFileReference; fileEncoding = 4; lastKnownFileType = sourcecode.c.h; path = ResultInfo.h; sourceTree = "<group>"; };
		1A9E19B614F778C600E4D851 /* ResultInfo.m */ = {isa = PBXFileReference; fileEncoding = 4; lastKnownFileType = sourcecode.c.objc; path = ResultInfo.m; sourceTree = "<group>"; };
		1AA03B8814EEA2F50032682F /* go.png */ = {isa = PBXFileReference; lastKnownFileType = image.png; path = go.png; sourceTree = "<group>"; };
		1AA3583D14F7CA5100956DDE /* TreeViewController.h */ = {isa = PBXFileReference; fileEncoding = 4; lastKnownFileType = sourcecode.c.h; path = TreeViewController.h; sourceTree = "<group>"; };
		1AA3583E14F7CA5100956DDE /* TreeViewController.m */ = {isa = PBXFileReference; fileEncoding = 4; lastKnownFileType = sourcecode.c.objc; path = TreeViewController.m; sourceTree = "<group>"; };
		1AA3583F14F7CA5100956DDE /* TreeViewCell.m */ = {isa = PBXFileReference; fileEncoding = 4; lastKnownFileType = sourcecode.c.objc; path = TreeViewCell.m; sourceTree = "<group>"; };
		1AA3584014F7CA5100956DDE /* TreeViewCell.h */ = {isa = PBXFileReference; fileEncoding = 4; lastKnownFileType = sourcecode.c.h; path = TreeViewCell.h; sourceTree = "<group>"; };
		1AA3584414F7CA8B00956DDE /* TreeNode.m */ = {isa = PBXFileReference; fileEncoding = 4; lastKnownFileType = sourcecode.c.objc; path = TreeNode.m; sourceTree = "<group>"; };
		1AA3584514F7CA8B00956DDE /* TreeNode.h */ = {isa = PBXFileReference; fileEncoding = 4; lastKnownFileType = sourcecode.c.h; path = TreeNode.h; sourceTree = "<group>"; };
		1AA5F79D14EF46330000E28A /* UIAlertTableView.m */ = {isa = PBXFileReference; fileEncoding = 4; lastKnownFileType = sourcecode.c.objc; path = UIAlertTableView.m; sourceTree = "<group>"; };
		1AA5F79E14EF46330000E28A /* UIAlertTableView.h */ = {isa = PBXFileReference; fileEncoding = 4; lastKnownFileType = sourcecode.c.h; path = UIAlertTableView.h; sourceTree = "<group>"; };
		1AAB7FF314E40AD800F61582 /* form_textview.png */ = {isa = PBXFileReference; lastKnownFileType = image.png; path = form_textview.png; sourceTree = "<group>"; };
		1AAB804314E415B400F61582 /* NewsAllocListViewController.h */ = {isa = PBXFileReference; fileEncoding = 4; lastKnownFileType = sourcecode.c.h; path = NewsAllocListViewController.h; sourceTree = "<group>"; };
		1AAB804414E415B400F61582 /* NewsAllocListViewController.m */ = {isa = PBXFileReference; fileEncoding = 4; lastKnownFileType = sourcecode.c.objc; path = NewsAllocListViewController.m; sourceTree = "<group>"; };
		1AAB804514E415B400F61582 /* NewsAllocListViewController.xib */ = {isa = PBXFileReference; lastKnownFileType = file.xib; name = NewsAllocListViewController.xib; path = Classes/NewsAllocListViewController.xib; sourceTree = "<group>"; };
		1AAB804814E415FE00F61582 /* DocWriteListViewController.h */ = {isa = PBXFileReference; fileEncoding = 4; lastKnownFileType = sourcecode.c.h; path = DocWriteListViewController.h; sourceTree = "<group>"; };
		1AAB804914E415FE00F61582 /* DocWriteListViewController.m */ = {isa = PBXFileReference; fileEncoding = 4; lastKnownFileType = sourcecode.c.objc; path = DocWriteListViewController.m; sourceTree = "<group>"; };
		1AAB804A14E415FE00F61582 /* DocWriteListViewController.xib */ = {isa = PBXFileReference; lastKnownFileType = file.xib; name = DocWriteListViewController.xib; path = Classes/DocWriteListViewController.xib; sourceTree = "<group>"; };
		1AAB804D14E4162600F61582 /* DocChangeListViewController.h */ = {isa = PBXFileReference; fileEncoding = 4; lastKnownFileType = sourcecode.c.h; path = DocChangeListViewController.h; sourceTree = "<group>"; };
		1AAB804E14E4162600F61582 /* DocChangeListViewController.m */ = {isa = PBXFileReference; fileEncoding = 4; lastKnownFileType = sourcecode.c.objc; path = DocChangeListViewController.m; sourceTree = "<group>"; };
		1AAB804F14E4162600F61582 /* DocChangeListViewController.xib */ = {isa = PBXFileReference; lastKnownFileType = file.xib; name = DocChangeListViewController.xib; path = Classes/DocChangeListViewController.xib; sourceTree = "<group>"; };
		1AAB805214E4166C00F61582 /* RecycleListViewController.h */ = {isa = PBXFileReference; fileEncoding = 4; lastKnownFileType = sourcecode.c.h; path = RecycleListViewController.h; sourceTree = "<group>"; };
		1AAB805314E4166C00F61582 /* RecycleListViewController.m */ = {isa = PBXFileReference; fileEncoding = 4; lastKnownFileType = sourcecode.c.objc; path = RecycleListViewController.m; sourceTree = "<group>"; };
		1AAB805414E4166C00F61582 /* RecycleListViewController.xib */ = {isa = PBXFileReference; lastKnownFileType = file.xib; name = RecycleListViewController.xib; path = Classes/RecycleListViewController.xib; sourceTree = "<group>"; };
		1AAB806514E4175E00F61582 /* NewsAllocSearchViewController.h */ = {isa = PBXFileReference; fileEncoding = 4; lastKnownFileType = sourcecode.c.h; path = NewsAllocSearchViewController.h; sourceTree = "<group>"; };
		1AAB806614E4175E00F61582 /* NewsAllocSearchViewController.m */ = {isa = PBXFileReference; fileEncoding = 4; lastKnownFileType = sourcecode.c.objc; path = NewsAllocSearchViewController.m; sourceTree = "<group>"; };
		1AAB806714E4175E00F61582 /* NewsAllocSearchViewController.xib */ = {isa = PBXFileReference; lastKnownFileType = file.xib; name = NewsAllocSearchViewController.xib; path = Classes/NewsAllocSearchViewController.xib; sourceTree = "<group>"; };
		1AAB806A14E4180800F61582 /* NewsClueDetailViewController.h */ = {isa = PBXFileReference; fileEncoding = 4; lastKnownFileType = sourcecode.c.h; path = NewsClueDetailViewController.h; sourceTree = "<group>"; };
		1AAB806B14E4180800F61582 /* NewsClueDetailViewController.m */ = {isa = PBXFileReference; fileEncoding = 4; lastKnownFileType = sourcecode.c.objc; path = NewsClueDetailViewController.m; sourceTree = "<group>"; };
		1AAB806C14E4180800F61582 /* NewsClueDetailViewController.xib */ = {isa = PBXFileReference; lastKnownFileType = file.xib; name = NewsClueDetailViewController.xib; path = Classes/NewsClueDetailViewController.xib; sourceTree = "<group>"; };
		1AAB806F14E4183B00F61582 /* NewsAllocDetailViewController.h */ = {isa = PBXFileReference; fileEncoding = 4; lastKnownFileType = sourcecode.c.h; path = NewsAllocDetailViewController.h; sourceTree = "<group>"; };
		1AAB807014E4183B00F61582 /* NewsAllocDetailViewController.m */ = {isa = PBXFileReference; fileEncoding = 4; lastKnownFileType = sourcecode.c.objc; path = NewsAllocDetailViewController.m; sourceTree = "<group>"; };
		1AAB807114E4183B00F61582 /* NewsAllocDetailViewController.xib */ = {isa = PBXFileReference; lastKnownFileType = file.xib; name = NewsAllocDetailViewController.xib; path = Classes/NewsAllocDetailViewController.xib; sourceTree = "<group>"; };
		1AAB807414E418B600F61582 /* DocWriteDetailViewController.h */ = {isa = PBXFileReference; fileEncoding = 4; lastKnownFileType = sourcecode.c.h; path = DocWriteDetailViewController.h; sourceTree = "<group>"; };
		1AAB807514E418B600F61582 /* DocWriteDetailViewController.m */ = {isa = PBXFileReference; fileEncoding = 4; lastKnownFileType = sourcecode.c.objc; path = DocWriteDetailViewController.m; sourceTree = "<group>"; };
		1AAB807614E418B600F61582 /* DocWriteDetailViewController.xib */ = {isa = PBXFileReference; lastKnownFileType = file.xib; name = DocWriteDetailViewController.xib; path = Classes/DocWriteDetailViewController.xib; sourceTree = "<group>"; };
		1AAB807914E4192200F61582 /* DocChangeDetailViewController.h */ = {isa = PBXFileReference; fileEncoding = 4; lastKnownFileType = sourcecode.c.h; path = DocChangeDetailViewController.h; sourceTree = "<group>"; };
		1AAB807A14E4192200F61582 /* DocChangeDetailViewController.m */ = {isa = PBXFileReference; fileEncoding = 4; lastKnownFileType = sourcecode.c.objc; path = DocChangeDetailViewController.m; sourceTree = "<group>"; };
		1AAB807B14E4192200F61582 /* DocChangeDetailViewController.xib */ = {isa = PBXFileReference; lastKnownFileType = file.xib; name = DocChangeDetailViewController.xib; path = Classes/DocChangeDetailViewController.xib; sourceTree = "<group>"; };
		1AC0537514E3A37B0026B115 /* NewsCLueListViewController.h */ = {isa = PBXFileReference; fileEncoding = 4; lastKnownFileType = sourcecode.c.h; path = NewsCLueListViewController.h; sourceTree = "<group>"; };
		1AC0537614E3A37B0026B115 /* NewsCLueListViewController.m */ = {isa = PBXFileReference; fileEncoding = 4; lastKnownFileType = sourcecode.c.objc; path = NewsCLueListViewController.m; sourceTree = "<group>"; };
		1AC0537714E3A37B0026B115 /* NewsCLueListViewController.xib */ = {isa = PBXFileReference; lastKnownFileType = file.xib; name = NewsCLueListViewController.xib; path = Classes/NewsCLueListViewController.xib; sourceTree = "<group>"; };
		1AC0556514E3BDBE0026B115 /* NewsClueSearchViewController.h */ = {isa = PBXFileReference; fileEncoding = 4; lastKnownFileType = sourcecode.c.h; path = NewsClueSearchViewController.h; sourceTree = "<group>"; };
		1AC0556614E3BDBE0026B115 /* NewsClueSearchViewController.m */ = {isa = PBXFileReference; fileEncoding = 4; lastKnownFileType = sourcecode.c.objc; path = NewsClueSearchViewController.m; sourceTree = "<group>"; };
		1AC5EC5D14E2BE3700440EA7 /* MainPanelViewController.h */ = {isa = PBXFileReference; fileEncoding = 4; lastKnownFileType = sourcecode.c.h; name = MainPanelViewController.h; path = ../MainPanelViewController.h; sourceTree = "<group>"; };
		1AC5EC5E14E2BE3700440EA7 /* MainPanelViewController.m */ = {isa = PBXFileReference; fileEncoding = 4; lastKnownFileType = sourcecode.c.objc; name = MainPanelViewController.m; path = ../MainPanelViewController.m; sourceTree = "<group>"; };
		1AC5ECCC14E2C74400440EA7 /* OpenGLES.framework */ = {isa = PBXFileReference; lastKnownFileType = wrapper.framework; name = OpenGLES.framework; path = System/Library/Frameworks/OpenGLES.framework; sourceTree = SDKROOT; };
		1AC5ECD214E2C76100440EA7 /* QuartzCore.framework */ = {isa = PBXFileReference; lastKnownFileType = wrapper.framework; name = QuartzCore.framework; path = System/Library/Frameworks/QuartzCore.framework; sourceTree = SDKROOT; };
		1AC5ECFF14E2C99000440EA7 /* xwpd.png */ = {isa = PBXFileReference; lastKnownFileType = image.png; path = xwpd.png; sourceTree = "<group>"; };
		1AC5ED0014E2C99000440EA7 /* rxxw.png */ = {isa = PBXFileReference; lastKnownFileType = image.png; path = rxxw.png; sourceTree = "<group>"; };
		1AC5ED0114E2C99000440EA7 /* hsz.png */ = {isa = PBXFileReference; lastKnownFileType = image.png; path = hsz.png; sourceTree = "<group>"; };
		1AC5ED0214E2C99000440EA7 /* gjzx.png */ = {isa = PBXFileReference; lastKnownFileType = image.png; path = gjzx.png; sourceTree = "<group>"; };
		1AC5ED0314E2C99000440EA7 /* gjbj.png */ = {isa = PBXFileReference; lastKnownFileType = image.png; path = gjbj.png; sourceTree = "<group>"; };
		1AC71F7614EBE7F100DD873F /* blue.png */ = {isa = PBXFileReference; lastKnownFileType = image.png; path = blue.png; sourceTree = "<group>"; };
		1AC71F7714EBE7F100DD873F /* clue_background.png */ = {isa = PBXFileReference; lastKnownFileType = image.png; path = clue_background.png; sourceTree = "<group>"; };
		1AC71F7814EBE7F100DD873F /* contents_background.png */ = {isa = PBXFileReference; lastKnownFileType = image.png; path = contents_background.png; sourceTree = "<group>"; };
		1AC71F7914EBE7F100DD873F /* field_background_1.png */ = {isa = PBXFileReference; lastKnownFileType = image.png; path = field_background_1.png; sourceTree = "<group>"; };
		1AC71F7A14EBE7F100DD873F /* field_background.png */ = {isa = PBXFileReference; lastKnownFileType = image.png; path = field_background.png; sourceTree = "<group>"; };
		1AC71F7B14EBE7F100DD873F /* list_item_background_click.png */ = {isa = PBXFileReference; lastKnownFileType = image.png; path = list_item_background_click.png; sourceTree = "<group>"; };
		1AC71F7C14EBE7F100DD873F /* list_item_background.png */ = {isa = PBXFileReference; lastKnownFileType = image.png; path = list_item_background.png; sourceTree = "<group>"; };
		1AC71F7D14EBE7F100DD873F /* pass.png */ = {isa = PBXFileReference; lastKnownFileType = image.png; path = pass.png; sourceTree = "<group>"; };
		1AC71F7E14EBE7F100DD873F /* red.png */ = {isa = PBXFileReference; lastKnownFileType = image.png; path = red.png; sourceTree = "<group>"; };
		1AC71F7F14EBE7F100DD873F /* unpass.png */ = {isa = PBXFileReference; lastKnownFileType = image.png; path = unpass.png; sourceTree = "<group>"; };
		1AC71F8014EBE7F100DD873F /* wait.png */ = {isa = PBXFileReference; lastKnownFileType = image.png; path = wait.png; sourceTree = "<group>"; };
		1AC71F8114EBE7F100DD873F /* yellow.png */ = {isa = PBXFileReference; lastKnownFileType = image.png; path = yellow.png; sourceTree = "<group>"; };
		1AC71F8E14EBEABF00DD873F /* UITableViewCellEx.h */ = {isa = PBXFileReference; fileEncoding = 4; lastKnownFileType = sourcecode.c.h; path = UITableViewCellEx.h; sourceTree = "<group>"; };
		1AC71F8F14EBEABF00DD873F /* UITableViewCellEx.m */ = {isa = PBXFileReference; fileEncoding = 4; lastKnownFileType = sourcecode.c.objc; path = UITableViewCellEx.m; sourceTree = "<group>"; };
		1ACEE02414EE8711007F63A1 /* DatePicker.h */ = {isa = PBXFileReference; fileEncoding = 4; lastKnownFileType = sourcecode.c.h; path = DatePicker.h; sourceTree = "<group>"; };
		1ACEE02514EE8711007F63A1 /* DatePicker.m */ = {isa = PBXFileReference; fileEncoding = 4; lastKnownFileType = sourcecode.c.objc; path = DatePicker.m; sourceTree = "<group>"; };
		1ACEE02714EE8731007F63A1 /* IDatePickerDelegate.h */ = {isa = PBXFileReference; fileEncoding = 4; lastKnownFileType = sourcecode.c.h; path = IDatePickerDelegate.h; sourceTree = "<group>"; };
		1AD7FEC414EDADB000DAA354 /* star.png */ = {isa = PBXFileReference; lastKnownFileType = image.png; path = star.png; sourceTree = "<group>"; };
		1AD7FEC514EDADB000DAA354 /* star1.png */ = {isa = PBXFileReference; lastKnownFileType = image.png; path = star1.png; sourceTree = "<group>"; };
		1AD7FEC614EDADB000DAA354 /* star2.png */ = {isa = PBXFileReference; lastKnownFileType = image.png; path = star2.png; sourceTree = "<group>"; };
		1AD7FECA14EDAEEE00DAA354 /* NetRequest.h */ = {isa = PBXFileReference; fileEncoding = 4; lastKnownFileType = sourcecode.c.h; path = NetRequest.h; sourceTree = "<group>"; };
		1AD7FECB14EDAEEE00DAA354 /* NetRequest.m */ = {isa = PBXFileReference; fileEncoding = 4; lastKnownFileType = sourcecode.c.objc; path = NetRequest.m; sourceTree = "<group>"; };
		1AD7FECD14EDB61000DAA354 /* contents_background2.png */ = {isa = PBXFileReference; lastKnownFileType = image.png; path = contents_background2.png; sourceTree = "<group>"; };
		1AF62CD514EFC3960022A2D9 /* add2.png */ = {isa = PBXFileReference; lastKnownFileType = image.png; path = add2.png; sourceTree = "<group>"; };
		1AF62CD614EFC3960022A2D9 /* contents_background3.png */ = {isa = PBXFileReference; lastKnownFileType = image.png; path = contents_background3.png; sourceTree = "<group>"; };
		1AF62CD714EFC3960022A2D9 /* panel_background320.png */ = {isa = PBXFileReference; lastKnownFileType = image.png; path = panel_background320.png; sourceTree = "<group>"; };
		1D30AB110D05D00D00671497 /* Foundation.framework */ = {isa = PBXFileReference; lastKnownFileType = wrapper.framework; name = Foundation.framework; path = System/Library/Frameworks/Foundation.framework; sourceTree = SDKROOT; };
		1D3623240D0F684500981E51 /* NewsGatheringAppDelegate.h */ = {isa = PBXFileReference; fileEncoding = 4; lastKnownFileType = sourcecode.c.h; path = NewsGatheringAppDelegate.h; sourceTree = "<group>"; };
		1D3623250D0F684500981E51 /* NewsGatheringAppDelegate.m */ = {isa = PBXFileReference; fileEncoding = 4; lastKnownFileType = sourcecode.c.objc; path = NewsGatheringAppDelegate.m; sourceTree = "<group>"; };
		1D6058910D05DD3D006BFB54 /* NewsGathering.app */ = {isa = PBXFileReference; explicitFileType = wrapper.application; includeInIndex = 0; path = NewsGathering.app; sourceTree = BUILT_PRODUCTS_DIR; };
		1DF5F4DF0D08C38300B7A737 /* UIKit.framework */ = {isa = PBXFileReference; lastKnownFileType = wrapper.framework; name = UIKit.framework; path = System/Library/Frameworks/UIKit.framework; sourceTree = SDKROOT; };
		288765A40DF7441C002DB57D /* CoreGraphics.framework */ = {isa = PBXFileReference; lastKnownFileType = wrapper.framework; name = CoreGraphics.framework; path = System/Library/Frameworks/CoreGraphics.framework; sourceTree = SDKROOT; };
		2899E5210DE3E06400AC0155 /* NewsGatheringViewController.xib */ = {isa = PBXFileReference; lastKnownFileType = file.xib; path = NewsGatheringViewController.xib; sourceTree = "<group>"; };
		28AD733E0D9D9553002E5188 /* MainWindow.xib */ = {isa = PBXFileReference; lastKnownFileType = file.xib; path = MainWindow.xib; sourceTree = "<group>"; };
		28D7ACF60DDB3853001CB0EB /* NewsGatheringViewController.h */ = {isa = PBXFileReference; fileEncoding = 4; lastKnownFileType = sourcecode.c.h; path = NewsGatheringViewController.h; sourceTree = "<group>"; };
		28D7ACF70DDB3853001CB0EB /* NewsGatheringViewController.m */ = {isa = PBXFileReference; fileEncoding = 4; lastKnownFileType = sourcecode.c.objc; path = NewsGatheringViewController.m; sourceTree = "<group>"; };
		29B97316FDCFA39411CA2CEA /* main.m */ = {isa = PBXFileReference; fileEncoding = 4; lastKnownFileType = sourcecode.c.objc; path = main.m; sourceTree = "<group>"; };
		32CA4F630368D1EE00C91783 /* NewsGathering_Prefix.pch */ = {isa = PBXFileReference; fileEncoding = 4; lastKnownFileType = sourcecode.c.h; path = NewsGathering_Prefix.pch; sourceTree = "<group>"; };
		8D1107310486CEB800E47090 /* NewsGathering-Info.plist */ = {isa = PBXFileReference; fileEncoding = 4; lastKnownFileType = text.plist.xml; path = "NewsGathering-Info.plist"; plistStructureDefinitionIdentifier = "com.apple.xcode.plist.structure-definition.iphone.info-plist"; sourceTree = "<group>"; };
		B2AF5E9214EE5CB1006A9B8E /* UserHelper.h */ = {isa = PBXFileReference; fileEncoding = 4; lastKnownFileType = sourcecode.c.h; path = UserHelper.h; sourceTree = "<group>"; };
		B2AF5E9314EE5CB1006A9B8E /* UserHelper.m */ = {isa = PBXFileReference; fileEncoding = 4; lastKnownFileType = sourcecode.c.objc; path = UserHelper.m; sourceTree = "<group>"; };
		B2E6C9F314F78F2B007B24F5 /* ContributeInfo.h */ = {isa = PBXFileReference; fileEncoding = 4; lastKnownFileType = sourcecode.c.h; path = ContributeInfo.h; sourceTree = "<group>"; };
		B2E6C9F414F78F2B007B24F5 /* ContributeInfo.m */ = {isa = PBXFileReference; fileEncoding = 4; lastKnownFileType = sourcecode.c.objc; path = ContributeInfo.m; sourceTree = "<group>"; };
		B2E6C9F714F793E3007B24F5 /* DocRequest.h */ = {isa = PBXFileReference; fileEncoding = 4; lastKnownFileType = sourcecode.c.h; path = DocRequest.h; sourceTree = "<group>"; };
		B2E6C9F814F793E3007B24F5 /* DocRequest.m */ = {isa = PBXFileReference; fileEncoding = 4; lastKnownFileType = sourcecode.c.objc; path = DocRequest.m; sourceTree = "<group>"; };
		B2E6C9FA14F79405007B24F5 /* DocParserHelper.h */ = {isa = PBXFileReference; fileEncoding = 4; lastKnownFileType = sourcecode.c.h; path = DocParserHelper.h; sourceTree = "<group>"; };
		B2E6C9FB14F79405007B24F5 /* DocParserHelper.m */ = {isa = PBXFileReference; fileEncoding = 4; lastKnownFileType = sourcecode.c.objc; path = DocParserHelper.m; sourceTree = "<group>"; };
		B2E6C9FD14F79418007B24F5 /* DocParserHelperDelegate.h */ = {isa = PBXFileReference; fileEncoding = 4; lastKnownFileType = sourcecode.c.h; path = DocParserHelperDelegate.h; sourceTree = "<group>"; };
		B2E6C9FE14F79427007B24F5 /* DocRequestDelegate.h */ = {isa = PBXFileReference; fileEncoding = 4; lastKnownFileType = sourcecode.c.h; path = DocRequestDelegate.h; sourceTree = "<group>"; };
		B90ABD7114E65CA400641FE1 /* button_photo.png */ = {isa = PBXFileReference; lastKnownFileType = image.png; path = button_photo.png; sourceTree = "<group>"; };
		B90ABD7214E65CA400641FE1 /* button_sound.png */ = {isa = PBXFileReference; lastKnownFileType = image.png; path = button_sound.png; sourceTree = "<group>"; };
		B90ABD7314E65CA400641FE1 /* button_video.png */ = {isa = PBXFileReference; lastKnownFileType = image.png; path = button_video.png; sourceTree = "<group>"; };
		B90ABD7814E6745500641FE1 /* form_textview.png */ = {isa = PBXFileReference; lastKnownFileType = image.png; path = form_textview.png; sourceTree = "<group>"; };
		B90ABD8314E6A0CC00641FE1 /* MobileCoreServices.framework */ = {isa = PBXFileReference; lastKnownFileType = wrapper.framework; name = MobileCoreServices.framework; path = System/Library/Frameworks/MobileCoreServices.framework; sourceTree = SDKROOT; };
		B90ABD8514E6B6C300641FE1 /* AudioRecorder.h */ = {isa = PBXFileReference; fileEncoding = 4; lastKnownFileType = sourcecode.c.h; path = AudioRecorder.h; sourceTree = "<group>"; };
		B90ABD8614E6B6C300641FE1 /* AudioRecorder.m */ = {isa = PBXFileReference; fileEncoding = 4; lastKnownFileType = sourcecode.c.objc; path = AudioRecorder.m; sourceTree = "<group>"; };
		B90ABD8814E6B98A00641FE1 /* microphone 1.png */ = {isa = PBXFileReference; lastKnownFileType = image.png; path = "microphone 1.png"; sourceTree = "<group>"; };
		B97D155014ED455E005E0A41 /* VideoPlayViewController.h */ = {isa = PBXFileReference; fileEncoding = 4; lastKnownFileType = sourcecode.c.h; path = VideoPlayViewController.h; sourceTree = "<group>"; };
		B97D155114ED455E005E0A41 /* VideoPlayViewController.m */ = {isa = PBXFileReference; fileEncoding = 4; lastKnownFileType = sourcecode.c.objc; path = VideoPlayViewController.m; sourceTree = "<group>"; };
		B97D155414ED48B7005E0A41 /* MediaPlayer.framework */ = {isa = PBXFileReference; lastKnownFileType = wrapper.framework; name = MediaPlayer.framework; path = System/Library/Frameworks/MediaPlayer.framework; sourceTree = SDKROOT; };
		B98B194A14F3DE9A00D33C2A /* NewsClueInfo.h */ = {isa = PBXFileReference; fileEncoding = 4; lastKnownFileType = sourcecode.c.h; path = NewsClueInfo.h; sourceTree = "<group>"; };
		B98B194B14F3DE9A00D33C2A /* NewsClueInfo.m */ = {isa = PBXFileReference; fileEncoding = 4; lastKnownFileType = sourcecode.c.objc; path = NewsClueInfo.m; sourceTree = "<group>"; };
		B98B194E14F3E01900D33C2A /* NewsClueRequest.h */ = {isa = PBXFileReference; fileEncoding = 4; lastKnownFileType = sourcecode.c.h; path = NewsClueRequest.h; sourceTree = "<group>"; };
		B98B194F14F3E01900D33C2A /* NewsClueRequest.m */ = {isa = PBXFileReference; fileEncoding = 4; lastKnownFileType = sourcecode.c.objc; path = NewsClueRequest.m; sourceTree = "<group>"; };
		B98B195114F3E05E00D33C2A /* NewsClueParserHelper.h */ = {isa = PBXFileReference; fileEncoding = 4; lastKnownFileType = sourcecode.c.h; path = NewsClueParserHelper.h; sourceTree = "<group>"; };
		B98B195214F3E05E00D33C2A /* NewsClueParserHelper.m */ = {isa = PBXFileReference; fileEncoding = 4; lastKnownFileType = sourcecode.c.objc; path = NewsClueParserHelper.m; sourceTree = "<group>"; };
		B98B195414F3E09A00D33C2A /* NewsClueParserHelperDelegate.h */ = {isa = PBXFileReference; fileEncoding = 4; lastKnownFileType = sourcecode.c.h; path = NewsClueParserHelperDelegate.h; sourceTree = "<group>"; };
		B98B195714F3E3A400D33C2A /* Contants.h */ = {isa = PBXFileReference; fileEncoding = 4; lastKnownFileType = sourcecode.c.h; path = Contants.h; sourceTree = "<group>"; };
		B98B195814F3E97600D33C2A /* NewsClueRequestDelegate.h */ = {isa = PBXFileReference; fileEncoding = 4; lastKnownFileType = sourcecode.c.h; path = NewsClueRequestDelegate.h; sourceTree = "<group>"; };
		B98C31CA14ED345F0064FC89 /* ImagePlayViewController.h */ = {isa = PBXFileReference; fileEncoding = 4; lastKnownFileType = sourcecode.c.h; path = ImagePlayViewController.h; sourceTree = "<group>"; };
		B98C31CB14ED345F0064FC89 /* ImagePlayViewController.m */ = {isa = PBXFileReference; fileEncoding = 4; lastKnownFileType = sourcecode.c.objc; path = ImagePlayViewController.m; sourceTree = "<group>"; };
		B98C41D614EF62C20064E622 /* AudioPlayer.h */ = {isa = PBXFileReference; fileEncoding = 4; lastKnownFileType = sourcecode.c.h; path = AudioPlayer.h; sourceTree = "<group>"; };
		B98C41D714EF62C20064E622 /* AudioPlayer.m */ = {isa = PBXFileReference; fileEncoding = 4; lastKnownFileType = sourcecode.c.objc; path = AudioPlayer.m; sourceTree = "<group>"; };
		B98C742F14F222D1001E9398 /* DocDetail.h */ = {isa = PBXFileReference; fileEncoding = 4; lastKnownFileType = sourcecode.c.h; path = DocDetail.h; sourceTree = "<group>"; };
		B98C743014F222D1001E9398 /* DocDetail.m */ = {isa = PBXFileReference; fileEncoding = 4; lastKnownFileType = sourcecode.c.objc; path = DocDetail.m; sourceTree = "<group>"; };
		B98C743314F23228001E9398 /* DocDetailHelper.h */ = {isa = PBXFileReference; fileEncoding = 4; lastKnownFileType = sourcecode.c.h; path = DocDetailHelper.h; sourceTree = "<group>"; };
		B98C743414F23228001E9398 /* DocDetailHelper.m */ = {isa = PBXFileReference; fileEncoding = 4; lastKnownFileType = sourcecode.c.objc; path = DocDetailHelper.m; sourceTree = "<group>"; };
		B98D841614F27F92007AE435 /* LoginResultInfo.h */ = {isa = PBXFileReference; fileEncoding = 4; lastKnownFileType = sourcecode.c.h; path = LoginResultInfo.h; sourceTree = "<group>"; };
		B98D841714F27F92007AE435 /* LoginResultInfo.m */ = {isa = PBXFileReference; fileEncoding = 4; lastKnownFileType = sourcecode.c.objc; path = LoginResultInfo.m; sourceTree = "<group>"; };
		B98D841914F280AE007AE435 /* LoginParserHelper.h */ = {isa = PBXFileReference; fileEncoding = 4; lastKnownFileType = sourcecode.c.h; path = LoginParserHelper.h; sourceTree = "<group>"; };
		B98D841A14F280AE007AE435 /* LoginParserHelper.m */ = {isa = PBXFileReference; fileEncoding = 4; lastKnownFileType = sourcecode.c.objc; path = LoginParserHelper.m; sourceTree = "<group>"; };
		B98D841C14F280E9007AE435 /* LoginParserHelperDelegate.h */ = {isa = PBXFileReference; fileEncoding = 4; lastKnownFileType = sourcecode.c.h; path = LoginParserHelperDelegate.h; sourceTree = "<group>"; };
		B98D841F14F28FC8007AE435 /* DeptInfo.h */ = {isa = PBXFileReference; fileEncoding = 4; lastKnownFileType = sourcecode.c.h; path = DeptInfo.h; sourceTree = "<group>"; };
		B98D842014F28FC8007AE435 /* DeptInfo.m */ = {isa = PBXFileReference; fileEncoding = 4; lastKnownFileType = sourcecode.c.objc; path = DeptInfo.m; sourceTree = "<group>"; };
		B98D842214F29129007AE435 /* DeptParserHelper.h */ = {isa = PBXFileReference; fileEncoding = 4; lastKnownFileType = sourcecode.c.h; path = DeptParserHelper.h; sourceTree = "<group>"; };
		B98D842314F29129007AE435 /* DeptParserHelper.m */ = {isa = PBXFileReference; fileEncoding = 4; lastKnownFileType = sourcecode.c.objc; path = DeptParserHelper.m; sourceTree = "<group>"; };
		B98D842514F29182007AE435 /* DeptParserHelperDelegate.h */ = {isa = PBXFileReference; fileEncoding = 4; lastKnownFileType = sourcecode.c.h; path = DeptParserHelperDelegate.h; sourceTree = "<group>"; };
		B98E7FB214F524E00087F044 /* LoginSuccessInfo.h */ = {isa = PBXFileReference; fileEncoding = 4; lastKnownFileType = sourcecode.c.h; path = LoginSuccessInfo.h; sourceTree = "<group>"; };
		B98E7FB314F524E00087F044 /* LoginSuccessInfo.m */ = {isa = PBXFileReference; fileEncoding = 4; lastKnownFileType = sourcecode.c.objc; path = LoginSuccessInfo.m; sourceTree = "<group>"; };
		B994796614EBF20000E3A68F /* AVFoundation.framework */ = {isa = PBXFileReference; lastKnownFileType = wrapper.framework; name = AVFoundation.framework; path = System/Library/Frameworks/AVFoundation.framework; sourceTree = SDKROOT; };
		B9D4EC7F14F6797000C269D2 /* UserInfo.h */ = {isa = PBXFileReference; fileEncoding = 4; lastKnownFileType = sourcecode.c.h; path = UserInfo.h; sourceTree = "<group>"; };
		B9D4EC8014F6797000C269D2 /* UserInfo.m */ = {isa = PBXFileReference; fileEncoding = 4; lastKnownFileType = sourcecode.c.objc; path = UserInfo.m; sourceTree = "<group>"; };
		B9D4EC8314F67C1D00C269D2 /* ClueDistInfo.h */ = {isa = PBXFileReference; fileEncoding = 4; lastKnownFileType = sourcecode.c.h; path = ClueDistInfo.h; sourceTree = "<group>"; };
		B9D4EC8414F67C1D00C269D2 /* ClueDistInfo.m */ = {isa = PBXFileReference; fileEncoding = 4; lastKnownFileType = sourcecode.c.objc; path = ClueDistInfo.m; sourceTree = "<group>"; };
		B9D4EC8E14F6872F00C269D2 /* ClueDistRequest.h */ = {isa = PBXFileReference; fileEncoding = 4; lastKnownFileType = sourcecode.c.h; path = ClueDistRequest.h; sourceTree = "<group>"; };
		B9D4EC8F14F6872F00C269D2 /* ClueDistRequest.m */ = {isa = PBXFileReference; fileEncoding = 4; lastKnownFileType = sourcecode.c.objc; path = ClueDistRequest.m; sourceTree = "<group>"; };
		B9D4EC9114F6874400C269D2 /* ClueDistParserHelper.h */ = {isa = PBXFileReference; fileEncoding = 4; lastKnownFileType = sourcecode.c.h; path = ClueDistParserHelper.h; sourceTree = "<group>"; };
		B9D4EC9214F6874400C269D2 /* ClueDistParserHelper.m */ = {isa = PBXFileReference; fileEncoding = 4; lastKnownFileType = sourcecode.c.objc; path = ClueDistParserHelper.m; sourceTree = "<group>"; };
		B9D4EC9414F6876600C269D2 /* ClueDistParserHelperDelegate.h */ = {isa = PBXFileReference; fileEncoding = 4; lastKnownFileType = sourcecode.c.h; path = ClueDistParserHelperDelegate.h; sourceTree = "<group>"; };
		B9D4EC9514F6878000C269D2 /* ClueDistRequestDelegate.h */ = {isa = PBXFileReference; fileEncoding = 4; lastKnownFileType = sourcecode.c.h; path = ClueDistRequestDelegate.h; sourceTree = "<group>"; };
		B9E84CA914EA92D6005CA5FE /* StorageHelper.h */ = {isa = PBXFileReference; fileEncoding = 4; lastKnownFileType = sourcecode.c.h; path = StorageHelper.h; sourceTree = "<group>"; };
		B9E84CAA14EA92D6005CA5FE /* StorageHelper.m */ = {isa = PBXFileReference; fileEncoding = 4; lastKnownFileType = sourcecode.c.objc; path = StorageHelper.m; sourceTree = "<group>"; };
/* End PBXFileReference section */

/* Begin PBXFrameworksBuildPhase section */
		1D60588F0D05DD3D006BFB54 /* Frameworks */ = {
			isa = PBXFrameworksBuildPhase;
			buildActionMask = 2147483647;
			files = (
				B97D155514ED48B7005E0A41 /* MediaPlayer.framework in Frameworks */,
				B994796714EBF20000E3A68F /* AVFoundation.framework in Frameworks */,
				B90ABD8414E6A0CC00641FE1 /* MobileCoreServices.framework in Frameworks */,
				1D60589F0D05DD5A006BFB54 /* Foundation.framework in Frameworks */,
				1DF5F4E00D08C38300B7A737 /* UIKit.framework in Frameworks */,
				288765A50DF7441C002DB57D /* CoreGraphics.framework in Frameworks */,
				1A9DE9D314E17AD1006E21E8 /* CFNetwork.framework in Frameworks */,
				1A9DE9D514E17AD1006E21E8 /* SystemConfiguration.framework in Frameworks */,
				1AC5ECCD14E2C74400440EA7 /* OpenGLES.framework in Frameworks */,
				1AC5ECD314E2C76100440EA7 /* QuartzCore.framework in Frameworks */,
			);
			runOnlyForDeploymentPostprocessing = 0;
		};
/* End PBXFrameworksBuildPhase section */

/* Begin PBXGroup section */
		080E96DDFE201D6D7F000001 /* Classes */ = {
			isa = PBXGroup;
			children = (
				1A9DE9C814E1770C006E21E8 /* Helper */,
				1AAB809514E41C3800F61582 /* Data */,
				1ACEE02314EE8656007F63A1 /* view */,
				1AAB809614E41C6F00F61582 /* ViewContoller */,
				1D3623240D0F684500981E51 /* NewsGatheringAppDelegate.h */,
				1D3623250D0F684500981E51 /* NewsGatheringAppDelegate.m */,
			);
			path = Classes;
			sourceTree = "<group>";
		};
		19C28FACFE9D520D11CA2CBB /* Products */ = {
			isa = PBXGroup;
			children = (
				1D6058910D05DD3D006BFB54 /* NewsGathering.app */,
			);
			name = Products;
			sourceTree = "<group>";
		};
		1A9DE9C814E1770C006E21E8 /* Helper */ = {
			isa = PBXGroup;
			children = (
				1A9DE9C914E1773C006E21E8 /* MD5EncryptProcess.h */,
				1A9DE9CA14E1773C006E21E8 /* MD5EncryptProcess.m */,
				B9E84CA914EA92D6005CA5FE /* StorageHelper.h */,
				B9E84CAA14EA92D6005CA5FE /* StorageHelper.m */,
				1AD7FECA14EDAEEE00DAA354 /* NetRequest.h */,
				1AD7FECB14EDAEEE00DAA354 /* NetRequest.m */,
				B2AF5E9214EE5CB1006A9B8E /* UserHelper.h */,
				B2AF5E9314EE5CB1006A9B8E /* UserHelper.m */,
				B98C743314F23228001E9398 /* DocDetailHelper.h */,
				B98C743414F23228001E9398 /* DocDetailHelper.m */,
				B98D841914F280AE007AE435 /* LoginParserHelper.h */,
				B98D841A14F280AE007AE435 /* LoginParserHelper.m */,
				B98D841C14F280E9007AE435 /* LoginParserHelperDelegate.h */,
				B98D842214F29129007AE435 /* DeptParserHelper.h */,
				B98D842314F29129007AE435 /* DeptParserHelper.m */,
				B98D842514F29182007AE435 /* DeptParserHelperDelegate.h */,
				B98B194E14F3E01900D33C2A /* NewsClueRequest.h */,
				B98B194F14F3E01900D33C2A /* NewsClueRequest.m */,
				B98B195114F3E05E00D33C2A /* NewsClueParserHelper.h */,
				B98B195214F3E05E00D33C2A /* NewsClueParserHelper.m */,
				B98B195414F3E09A00D33C2A /* NewsClueParserHelperDelegate.h */,
				B98B195814F3E97600D33C2A /* NewsClueRequestDelegate.h */,
				B98B195714F3E3A400D33C2A /* Contants.h */,
				B9D4EC8E14F6872F00C269D2 /* ClueDistRequest.h */,
				B9D4EC8F14F6872F00C269D2 /* ClueDistRequest.m */,
				B9D4EC9114F6874400C269D2 /* ClueDistParserHelper.h */,
				B9D4EC9214F6874400C269D2 /* ClueDistParserHelper.m */,
				B9D4EC9414F6876600C269D2 /* ClueDistParserHelperDelegate.h */,
				B9D4EC9514F6878000C269D2 /* ClueDistRequestDelegate.h */,
				B2E6C9F714F793E3007B24F5 /* DocRequest.h */,
				B2E6C9F814F793E3007B24F5 /* DocRequest.m */,
				B2E6C9FA14F79405007B24F5 /* DocParserHelper.h */,
				B2E6C9FB14F79405007B24F5 /* DocParserHelper.m */,
				B2E6C9FD14F79418007B24F5 /* DocParserHelperDelegate.h */,
				B2E6C9FE14F79427007B24F5 /* DocRequestDelegate.h */,
			);
			name = Helper;
			sourceTree = "<group>";
		};
		1AAB809514E41C3800F61582 /* Data */ = {
			isa = PBXGroup;
			children = (
				B98C742F14F222D1001E9398 /* DocDetail.h */,
				B98C743014F222D1001E9398 /* DocDetail.m */,
				B98D841614F27F92007AE435 /* LoginResultInfo.h */,
				B98D841714F27F92007AE435 /* LoginResultInfo.m */,
				B98D841F14F28FC8007AE435 /* DeptInfo.h */,
				B98D842014F28FC8007AE435 /* DeptInfo.m */,
				B98B194A14F3DE9A00D33C2A /* NewsClueInfo.h */,
				B98B194B14F3DE9A00D33C2A /* NewsClueInfo.m */,
				B98E7FB214F524E00087F044 /* LoginSuccessInfo.h */,
				B98E7FB314F524E00087F044 /* LoginSuccessInfo.m */,
				B9D4EC7F14F6797000C269D2 /* UserInfo.h */,
				B9D4EC8014F6797000C269D2 /* UserInfo.m */,
				B9D4EC8314F67C1D00C269D2 /* ClueDistInfo.h */,
				B9D4EC8414F67C1D00C269D2 /* ClueDistInfo.m */,
				1A9E19B514F778C500E4D851 /* ResultInfo.h */,
				1A9E19B614F778C600E4D851 /* ResultInfo.m */,
				B2E6C9F314F78F2B007B24F5 /* ContributeInfo.h */,
				B2E6C9F414F78F2B007B24F5 /* ContributeInfo.m */,
			);
			name = Data;
			sourceTree = "<group>";
		};
		1AAB809614E41C6F00F61582 /* ViewContoller */ = {
			isa = PBXGroup;
			children = (
				1AA3583D14F7CA5100956DDE /* TreeViewController.h */,
				1AA3583E14F7CA5100956DDE /* TreeViewController.m */,
				28D7ACF60DDB3853001CB0EB /* NewsGatheringViewController.h */,
				28D7ACF70DDB3853001CB0EB /* NewsGatheringViewController.m */,
				1AC5EC5D14E2BE3700440EA7 /* MainPanelViewController.h */,
				1AC5EC5E14E2BE3700440EA7 /* MainPanelViewController.m */,
				1AC0537514E3A37B0026B115 /* NewsCLueListViewController.h */,
				1AC0537614E3A37B0026B115 /* NewsCLueListViewController.m */,
				1AC0556514E3BDBE0026B115 /* NewsClueSearchViewController.h */,
				1AC0556614E3BDBE0026B115 /* NewsClueSearchViewController.m */,
				1AAB804314E415B400F61582 /* NewsAllocListViewController.h */,
				1AAB804414E415B400F61582 /* NewsAllocListViewController.m */,
				1AAB807414E418B600F61582 /* DocWriteDetailViewController.h */,
				1AAB807514E418B600F61582 /* DocWriteDetailViewController.m */,
				1AAB804814E415FE00F61582 /* DocWriteListViewController.h */,
				1AAB804914E415FE00F61582 /* DocWriteListViewController.m */,
				1AAB804D14E4162600F61582 /* DocChangeListViewController.h */,
				1AAB804E14E4162600F61582 /* DocChangeListViewController.m */,
				1AAB805214E4166C00F61582 /* RecycleListViewController.h */,
				1AAB805314E4166C00F61582 /* RecycleListViewController.m */,
				1AAB806514E4175E00F61582 /* NewsAllocSearchViewController.h */,
				1AAB806614E4175E00F61582 /* NewsAllocSearchViewController.m */,
				1AAB806A14E4180800F61582 /* NewsClueDetailViewController.h */,
				1AAB806B14E4180800F61582 /* NewsClueDetailViewController.m */,
				1AAB806F14E4183B00F61582 /* NewsAllocDetailViewController.h */,
				1AAB807014E4183B00F61582 /* NewsAllocDetailViewController.m */,
				1AAB807914E4192200F61582 /* DocChangeDetailViewController.h */,
				1AAB807A14E4192200F61582 /* DocChangeDetailViewController.m */,
				B98C31CA14ED345F0064FC89 /* ImagePlayViewController.h */,
				B98C31CB14ED345F0064FC89 /* ImagePlayViewController.m */,
				B97D155014ED455E005E0A41 /* VideoPlayViewController.h */,
				B97D155114ED455E005E0A41 /* VideoPlayViewController.m */,
				1A97CFA314F7E3CC003B3A3A /* DispatchedPersonsViewController.h */,
				1A97CFA414F7E3CC003B3A3A /* DispatchedPersonsViewController.m */,
			);
			name = ViewContoller;
			sourceTree = "<group>";
		};
		1AC0537B14E3A5FA0026B115 /* image */ = {
			isa = PBXGroup;
			children = (
				1AF62CD514EFC3960022A2D9 /* add2.png */,
				1AF62CD614EFC3960022A2D9 /* contents_background3.png */,
				1AF62CD714EFC3960022A2D9 /* panel_background320.png */,
				1AA03B8814EEA2F50032682F /* go.png */,
				1A98CB2514EE28DF00CE9BC1 /* simplenote-icon.png */,
				1A98CB2114EE28C700CE9BC1 /* panel_background.png */,
				1A98CB2214EE28C700CE9BC1 /* panel_background1.png */,
				1AD7FECD14EDB61000DAA354 /* contents_background2.png */,
				1AD7FEC414EDADB000DAA354 /* star.png */,
				1AD7FEC514EDADB000DAA354 /* star1.png */,
				1AD7FEC614EDADB000DAA354 /* star2.png */,
				1AC71F7614EBE7F100DD873F /* blue.png */,
				1AC71F7714EBE7F100DD873F /* clue_background.png */,
				1AC71F7814EBE7F100DD873F /* contents_background.png */,
				1AC71F7914EBE7F100DD873F /* field_background_1.png */,
				1AC71F7A14EBE7F100DD873F /* field_background.png */,
				1AC71F7B14EBE7F100DD873F /* list_item_background_click.png */,
				1AC71F7C14EBE7F100DD873F /* list_item_background.png */,
				1AC71F7D14EBE7F100DD873F /* pass.png */,
				1AC71F7E14EBE7F100DD873F /* red.png */,
				1AC71F7F14EBE7F100DD873F /* unpass.png */,
				1AC71F8014EBE7F100DD873F /* wait.png */,
				1AC71F8114EBE7F100DD873F /* yellow.png */,
				B90ABD8814E6B98A00641FE1 /* microphone 1.png */,
				B90ABD7814E6745500641FE1 /* form_textview.png */,
				B90ABD7114E65CA400641FE1 /* button_photo.png */,
				B90ABD7214E65CA400641FE1 /* button_sound.png */,
				B90ABD7314E65CA400641FE1 /* button_video.png */,
				1AAB7FF314E40AD800F61582 /* form_textview.png */,
				1AC5ECFF14E2C99000440EA7 /* xwpd.png */,
				1AC5ED0014E2C99000440EA7 /* rxxw.png */,
				1AC5ED0114E2C99000440EA7 /* hsz.png */,
				1AC5ED0214E2C99000440EA7 /* gjzx.png */,
				1AC5ED0314E2C99000440EA7 /* gjbj.png */,
				1A9DE97C14E1689F006E21E8 /* mainbackground.png */,
				1A95F71114DE5AF000603053 /* box1@2x.png */,
				1A95F71214DE5AF000603053 /* box2@2x.png */,
			);
			name = image;
			sourceTree = "<group>";
		};
		1AC0537C14E3A6120026B115 /* xib */ = {
			isa = PBXGroup;
			children = (
				1AAB805414E4166C00F61582 /* RecycleListViewController.xib */,
				1AAB807B14E4192200F61582 /* DocChangeDetailViewController.xib */,
				1AAB804F14E4162600F61582 /* DocChangeListViewController.xib */,
				1AAB807614E418B600F61582 /* DocWriteDetailViewController.xib */,
				1AAB804A14E415FE00F61582 /* DocWriteListViewController.xib */,
				1AAB807114E4183B00F61582 /* NewsAllocDetailViewController.xib */,
				1AAB806714E4175E00F61582 /* NewsAllocSearchViewController.xib */,
				1AAB804514E415B400F61582 /* NewsAllocListViewController.xib */,
				1AAB806C14E4180800F61582 /* NewsClueDetailViewController.xib */,
				1A95C50E14DE735800B0B0EC /* NewsClueView.xib */,
				1AC0537714E3A37B0026B115 /* NewsCLueListViewController.xib */,
				1A95F71514DE5CF700603053 /* MainPanelView.xib */,
				2899E5210DE3E06400AC0155 /* NewsGatheringViewController.xib */,
				28AD733E0D9D9553002E5188 /* MainWindow.xib */,
			);
			name = xib;
			sourceTree = "<group>";
		};
		1ACEE02314EE8656007F63A1 /* view */ = {
			isa = PBXGroup;
			children = (
				1AA3584414F7CA8B00956DDE /* TreeNode.m */,
				1AA3584514F7CA8B00956DDE /* TreeNode.h */,
				1AA3583F14F7CA5100956DDE /* TreeViewCell.m */,
				1AA3584014F7CA5100956DDE /* TreeViewCell.h */,
				1AA5F79D14EF46330000E28A /* UIAlertTableView.m */,
				1AA5F79E14EF46330000E28A /* UIAlertTableView.h */,
				1ACEE02714EE8731007F63A1 /* IDatePickerDelegate.h */,
				1ACEE02414EE8711007F63A1 /* DatePicker.h */,
				1ACEE02514EE8711007F63A1 /* DatePicker.m */,
				B90ABD8514E6B6C300641FE1 /* AudioRecorder.h */,
				B90ABD8614E6B6C300641FE1 /* AudioRecorder.m */,
				1AC71F8E14EBEABF00DD873F /* UITableViewCellEx.h */,
				1AC71F8F14EBEABF00DD873F /* UITableViewCellEx.m */,
				B98C41D614EF62C20064E622 /* AudioPlayer.h */,
				B98C41D714EF62C20064E622 /* AudioPlayer.m */,
			);
			name = view;
			sourceTree = "<group>";
		};
		29B97314FDCFA39411CA2CEA /* CustomTemplate */ = {
			isa = PBXGroup;
			children = (
				1A94FF0714F51CE7006EE953 /* Settings.bundle */,
				080E96DDFE201D6D7F000001 /* Classes */,
				29B97315FDCFA39411CA2CEA /* Other Sources */,
				29B97317FDCFA39411CA2CEA /* Resources */,
				29B97323FDCFA39411CA2CEA /* Frameworks */,
				19C28FACFE9D520D11CA2CBB /* Products */,
			);
			name = CustomTemplate;
			sourceTree = "<group>";
		};
		29B97315FDCFA39411CA2CEA /* Other Sources */ = {
			isa = PBXGroup;
			children = (
				32CA4F630368D1EE00C91783 /* NewsGathering_Prefix.pch */,
				29B97316FDCFA39411CA2CEA /* main.m */,
			);
			name = "Other Sources";
			sourceTree = "<group>";
		};
		29B97317FDCFA39411CA2CEA /* Resources */ = {
			isa = PBXGroup;
			children = (
				1AC0537C14E3A6120026B115 /* xib */,
				1AC0537B14E3A5FA0026B115 /* image */,
				8D1107310486CEB800E47090 /* NewsGathering-Info.plist */,
			);
			name = Resources;
			sourceTree = "<group>";
		};
		29B97323FDCFA39411CA2CEA /* Frameworks */ = {
			isa = PBXGroup;
			children = (
				B97D155414ED48B7005E0A41 /* MediaPlayer.framework */,
				B994796614EBF20000E3A68F /* AVFoundation.framework */,
				1AC5ECD214E2C76100440EA7 /* QuartzCore.framework */,
				B90ABD8314E6A0CC00641FE1 /* MobileCoreServices.framework */,
				1DF5F4DF0D08C38300B7A737 /* UIKit.framework */,
				1D30AB110D05D00D00671497 /* Foundation.framework */,
				288765A40DF7441C002DB57D /* CoreGraphics.framework */,
				1A9DE9D214E17AD1006E21E8 /* CFNetwork.framework */,
				1A9DE9D414E17AD1006E21E8 /* SystemConfiguration.framework */,
				1AC5ECCC14E2C74400440EA7 /* OpenGLES.framework */,
			);
			name = Frameworks;
			sourceTree = "<group>";
		};
/* End PBXGroup section */

/* Begin PBXNativeTarget section */
		1D6058900D05DD3D006BFB54 /* NewsGathering */ = {
			isa = PBXNativeTarget;
			buildConfigurationList = 1D6058960D05DD3E006BFB54 /* Build configuration list for PBXNativeTarget "NewsGathering" */;
			buildPhases = (
				1D60588D0D05DD3D006BFB54 /* Resources */,
				1D60588E0D05DD3D006BFB54 /* Sources */,
				1D60588F0D05DD3D006BFB54 /* Frameworks */,
			);
			buildRules = (
			);
			dependencies = (
			);
			name = NewsGathering;
			productName = NewsGathering;
			productReference = 1D6058910D05DD3D006BFB54 /* NewsGathering.app */;
			productType = "com.apple.product-type.application";
		};
/* End PBXNativeTarget section */

/* Begin PBXProject section */
		29B97313FDCFA39411CA2CEA /* Project object */ = {
			isa = PBXProject;
			buildConfigurationList = C01FCF4E08A954540054247B /* Build configuration list for PBXProject "NewsGathering" */;
			compatibilityVersion = "Xcode 3.1";
			developmentRegion = English;
			hasScannedForEncodings = 1;
			knownRegions = (
				en,
			);
			mainGroup = 29B97314FDCFA39411CA2CEA /* CustomTemplate */;
			projectDirPath = "";
			projectRoot = "";
			targets = (
				1D6058900D05DD3D006BFB54 /* NewsGathering */,
			);
		};
/* End PBXProject section */

/* Begin PBXResourcesBuildPhase section */
		1D60588D0D05DD3D006BFB54 /* Resources */ = {
			isa = PBXResourcesBuildPhase;
			buildActionMask = 2147483647;
			files = (
				28AD733F0D9D9553002E5188 /* MainWindow.xib in Resources */,
				2899E5220DE3E06400AC0155 /* NewsGatheringViewController.xib in Resources */,
				1A95F71314DE5AF000603053 /* box1@2x.png in Resources */,
				1A95F71414DE5AF000603053 /* box2@2x.png in Resources */,
				1A95F71614DE5CF700603053 /* MainPanelView.xib in Resources */,
				1A95C50F14DE735800B0B0EC /* NewsClueView.xib in Resources */,
				1A9DE97D14E1689F006E21E8 /* mainbackground.png in Resources */,
				1AC5ED0414E2C99000440EA7 /* xwpd.png in Resources */,
				1AC5ED0514E2C99000440EA7 /* rxxw.png in Resources */,
				1AC5ED0614E2C99000440EA7 /* hsz.png in Resources */,
				1AC5ED0714E2C99000440EA7 /* gjzx.png in Resources */,
				1AC5ED0814E2C99000440EA7 /* gjbj.png in Resources */,
				1AC0537914E3A37B0026B115 /* NewsCLueListViewController.xib in Resources */,
				1AAB7FF414E40AD800F61582 /* form_textview.png in Resources */,
				1AAB804714E415B400F61582 /* NewsAllocListViewController.xib in Resources */,
				1AAB804C14E415FE00F61582 /* DocWriteListViewController.xib in Resources */,
				1AAB805114E4162600F61582 /* DocChangeListViewController.xib in Resources */,
				1AAB805614E4166C00F61582 /* RecycleListViewController.xib in Resources */,
				1AAB806914E4175E00F61582 /* NewsAllocSearchViewController.xib in Resources */,
				1AAB806E14E4180800F61582 /* NewsClueDetailViewController.xib in Resources */,
				1AAB807314E4183B00F61582 /* NewsAllocDetailViewController.xib in Resources */,
				1AAB807814E418B600F61582 /* DocWriteDetailViewController.xib in Resources */,
				1AAB807D14E4192200F61582 /* DocChangeDetailViewController.xib in Resources */,
				B90ABD7414E65CA400641FE1 /* button_photo.png in Resources */,
				B90ABD7514E65CA400641FE1 /* button_sound.png in Resources */,
				B90ABD7614E65CA400641FE1 /* button_video.png in Resources */,
				B90ABD7914E6745500641FE1 /* form_textview.png in Resources */,
				B90ABD8914E6B98A00641FE1 /* microphone 1.png in Resources */,
				1AC71F8214EBE7F100DD873F /* blue.png in Resources */,
				1AC71F8314EBE7F100DD873F /* clue_background.png in Resources */,
				1AC71F8414EBE7F100DD873F /* contents_background.png in Resources */,
				1AC71F8514EBE7F100DD873F /* field_background_1.png in Resources */,
				1AC71F8614EBE7F100DD873F /* field_background.png in Resources */,
				1AC71F8714EBE7F100DD873F /* list_item_background_click.png in Resources */,
				1AC71F8814EBE7F100DD873F /* list_item_background.png in Resources */,
				1AC71F8914EBE7F100DD873F /* pass.png in Resources */,
				1AC71F8A14EBE7F100DD873F /* red.png in Resources */,
				1AC71F8B14EBE7F100DD873F /* unpass.png in Resources */,
				1AC71F8C14EBE7F100DD873F /* wait.png in Resources */,
				1AC71F8D14EBE7F100DD873F /* yellow.png in Resources */,
				1AD7FEC714EDADB000DAA354 /* star.png in Resources */,
				1AD7FEC814EDADB000DAA354 /* star1.png in Resources */,
				1AD7FEC914EDADB000DAA354 /* star2.png in Resources */,
				1AD7FECE14EDB61100DAA354 /* contents_background2.png in Resources */,
				1A98CB2314EE28C700CE9BC1 /* panel_background.png in Resources */,
				1A98CB2414EE28C700CE9BC1 /* panel_background1.png in Resources */,
				1A98CB2614EE28DF00CE9BC1 /* simplenote-icon.png in Resources */,
				1AA03B8C14EEA2F50032682F /* go.png in Resources */,
				1AF62CD814EFC3960022A2D9 /* add2.png in Resources */,
				1AF62CD914EFC3960022A2D9 /* contents_background3.png in Resources */,
				1AF62CDA14EFC3960022A2D9 /* panel_background320.png in Resources */,
				1A94FF0814F51CE7006EE953 /* Settings.bundle in Resources */,
			);
			runOnlyForDeploymentPostprocessing = 0;
		};
/* End PBXResourcesBuildPhase section */

/* Begin PBXSourcesBuildPhase section */
		1D60588E0D05DD3D006BFB54 /* Sources */ = {
			isa = PBXSourcesBuildPhase;
			buildActionMask = 2147483647;
			files = (
				1D60589B0D05DD56006BFB54 /* main.m in Sources */,
				1D3623260D0F684500981E51 /* NewsGatheringAppDelegate.m in Sources */,
				28D7ACF80DDB3853001CB0EB /* NewsGatheringViewController.m in Sources */,
				1A9DE9CB14E1773C006E21E8 /* MD5EncryptProcess.m in Sources */,
				1AC5EC6014E2BE3700440EA7 /* MainPanelViewController.m in Sources */,
				1AC0537814E3A37B0026B115 /* NewsCLueListViewController.m in Sources */,
				1AC0556714E3BDBE0026B115 /* NewsClueSearchViewController.m in Sources */,
				1AAB804614E415B400F61582 /* NewsAllocListViewController.m in Sources */,
				1AAB804B14E415FE00F61582 /* DocWriteListViewController.m in Sources */,
				1AAB805014E4162600F61582 /* DocChangeListViewController.m in Sources */,
				1AAB805514E4166C00F61582 /* RecycleListViewController.m in Sources */,
				1AAB806814E4175E00F61582 /* NewsAllocSearchViewController.m in Sources */,
				1AAB806D14E4180800F61582 /* NewsClueDetailViewController.m in Sources */,
				1AAB807214E4183B00F61582 /* NewsAllocDetailViewController.m in Sources */,
				1AAB807714E418B600F61582 /* DocWriteDetailViewController.m in Sources */,
				1AAB807C14E4192200F61582 /* DocChangeDetailViewController.m in Sources */,
				B90ABD8714E6B6C300641FE1 /* AudioRecorder.m in Sources */,
				B9E84CAB14EA92D6005CA5FE /* StorageHelper.m in Sources */,
				1AC71F9014EBEABF00DD873F /* UITableViewCellEx.m in Sources */,
				1AD7FECC14EDAEEE00DAA354 /* NetRequest.m in Sources */,
				B98C31CC14ED345F0064FC89 /* ImagePlayViewController.m in Sources */,
				B97D155214ED455E005E0A41 /* VideoPlayViewController.m in Sources */,
				1ACEE02614EE8711007F63A1 /* DatePicker.m in Sources */,
				B2AF5E9414EE5CB1006A9B8E /* UserHelper.m in Sources */,
				1AA5F79F14EF46330000E28A /* UIAlertTableView.m in Sources */,
				B98C41D814EF62C20064E622 /* AudioPlayer.m in Sources */,
				B98C743114F222D1001E9398 /* DocDetail.m in Sources */,
				B98C743514F23228001E9398 /* DocDetailHelper.m in Sources */,
				B98D841814F27F92007AE435 /* LoginResultInfo.m in Sources */,
				B98D841B14F280AE007AE435 /* LoginParserHelper.m in Sources */,
				B98D842114F28FC8007AE435 /* DeptInfo.m in Sources */,
				B98D842414F29129007AE435 /* DeptParserHelper.m in Sources */,
				B98B194C14F3DE9A00D33C2A /* NewsClueInfo.m in Sources */,
				B98B195014F3E01900D33C2A /* NewsClueRequest.m in Sources */,
				B98B195314F3E05E00D33C2A /* NewsClueParserHelper.m in Sources */,
				B98E7FB414F524E00087F044 /* LoginSuccessInfo.m in Sources */,
				B9D4EC8114F6797000C269D2 /* UserInfo.m in Sources */,
				B9D4EC8514F67C1D00C269D2 /* ClueDistInfo.m in Sources */,
				B9D4EC9014F6873000C269D2 /* ClueDistRequest.m in Sources */,
				B9D4EC9314F6874400C269D2 /* ClueDistParserHelper.m in Sources */,
				1A9E19B714F778C600E4D851 /* ResultInfo.m in Sources */,
				B2E6C9F514F78F2B007B24F5 /* ContributeInfo.m in Sources */,
				B2E6C9F914F793E3007B24F5 /* DocRequest.m in Sources */,
				B2E6C9FC14F79406007B24F5 /* DocParserHelper.m in Sources */,
				1AA3584214F7CA5100956DDE /* TreeViewController.m in Sources */,
				1AA3584314F7CA5100956DDE /* TreeViewCell.m in Sources */,
				1AA3584614F7CA8B00956DDE /* TreeNode.m in Sources */,
				1A97CFA514F7E3CC003B3A3A /* DispatchedPersonsViewController.m in Sources */,
			);
			runOnlyForDeploymentPostprocessing = 0;
		};
/* End PBXSourcesBuildPhase section */

/* Begin XCBuildConfiguration section */
		1D6058940D05DD3E006BFB54 /* Debug */ = {
			isa = XCBuildConfiguration;
			buildSettings = {
				ALWAYS_SEARCH_USER_PATHS = NO;
				CODE_SIGN_IDENTITY = "iPhone Developer: Zerg XiGua (42H86H6SL3)";
				"CODE_SIGN_IDENTITY[sdk=iphoneos*]" = "iPhone Developer: Zerg XiGua (42H86H6SL3)";
				COPY_PHASE_STRIP = NO;
				GCC_DYNAMIC_NO_PIC = NO;
				GCC_OPTIMIZATION_LEVEL = 0;
				GCC_PRECOMPILE_PREFIX_HEADER = YES;
				GCC_PREFIX_HEADER = NewsGathering_Prefix.pch;
				INFOPLIST_FILE = "NewsGathering-Info.plist";
				PRODUCT_NAME = NewsGathering;
				PROVISIONING_PROFILE = "F4DC44D3-7E75-45CD-B0C1-86C94754269A";
				"PROVISIONING_PROFILE[sdk=iphoneos*]" = "F4DC44D3-7E75-45CD-B0C1-86C94754269A";
			};
			name = Debug;
		};
		1D6058950D05DD3E006BFB54 /* Release */ = {
			isa = XCBuildConfiguration;
			buildSettings = {
				ALWAYS_SEARCH_USER_PATHS = NO;
				CODE_SIGN_IDENTITY = "iPhone Developer: Zerg XiGua (42H86H6SL3)";
				"CODE_SIGN_IDENTITY[sdk=iphoneos*]" = "iPhone Developer: Zerg XiGua (42H86H6SL3)";
				COPY_PHASE_STRIP = YES;
				GCC_PRECOMPILE_PREFIX_HEADER = YES;
				GCC_PREFIX_HEADER = NewsGathering_Prefix.pch;
				INFOPLIST_FILE = "NewsGathering-Info.plist";
				PRODUCT_NAME = NewsGathering;
				PROVISIONING_PROFILE = "F4DC44D3-7E75-45CD-B0C1-86C94754269A";
				"PROVISIONING_PROFILE[sdk=iphoneos*]" = "F4DC44D3-7E75-45CD-B0C1-86C94754269A";
				VALIDATE_PRODUCT = YES;
			};
			name = Release;
		};
		C01FCF4F08A954540054247B /* Debug */ = {
			isa = XCBuildConfiguration;
			buildSettings = {
				ARCHS = "$(ARCHS_STANDARD_32_BIT)";
				CODE_SIGN_IDENTITY = "iPhone Developer: Zerg XiGua (42H86H6SL3)";
				"CODE_SIGN_IDENTITY[sdk=iphoneos*]" = "iPhone Developer: Zerg XiGua (42H86H6SL3)";
				GCC_C_LANGUAGE_STANDARD = c99;
				GCC_WARN_ABOUT_RETURN_TYPE = YES;
				GCC_WARN_UNUSED_VARIABLE = YES;
				PREBINDING = NO;
				PROVISIONING_PROFILE = "59476B43-36E9-4977-8718-1D8F1FF23518";
				"PROVISIONING_PROFILE[sdk=iphoneos*]" = "59476B43-36E9-4977-8718-1D8F1FF23518";
				SDKROOT = iphoneos;
			};
			name = Debug;
		};
		C01FCF5008A954540054247B /* Release */ = {
			isa = XCBuildConfiguration;
			buildSettings = {
				ARCHS = "$(ARCHS_STANDARD_32_BIT)";
				CODE_SIGN_IDENTITY = "iPhone Developer: Zerg XiGua (42H86H6SL3)";
				"CODE_SIGN_IDENTITY[sdk=iphoneos*]" = "iPhone Developer: Zerg XiGua (42H86H6SL3)";
				GCC_C_LANGUAGE_STANDARD = c99;
				GCC_WARN_ABOUT_RETURN_TYPE = YES;
				GCC_WARN_UNUSED_VARIABLE = YES;
				OTHER_CFLAGS = "-DNS_BLOCK_ASSERTIONS=1";
				PREBINDING = NO;
				PROVISIONING_PROFILE = "59476B43-36E9-4977-8718-1D8F1FF23518";
				"PROVISIONING_PROFILE[sdk=iphoneos*]" = "59476B43-36E9-4977-8718-1D8F1FF23518";
				SDKROOT = iphoneos;
			};
			name = Release;
		};
/* End XCBuildConfiguration section */

/* Begin XCConfigurationList section */
		1D6058960D05DD3E006BFB54 /* Build configuration list for PBXNativeTarget "NewsGathering" */ = {
			isa = XCConfigurationList;
			buildConfigurations = (
				1D6058940D05DD3E006BFB54 /* Debug */,
				1D6058950D05DD3E006BFB54 /* Release */,
			);
			defaultConfigurationIsVisible = 0;
			defaultConfigurationName = Debug;
		};
		C01FCF4E08A954540054247B /* Build configuration list for PBXProject "NewsGathering" */ = {
			isa = XCConfigurationList;
			buildConfigurations = (
				C01FCF4F08A954540054247B /* Debug */,
				C01FCF5008A954540054247B /* Release */,
			);
			defaultConfigurationIsVisible = 0;
			defaultConfigurationName = Debug;
		};
/* End XCConfigurationList section */
	};
	rootObject = 29B97313FDCFA39411CA2CEA /* Project object */;
}
